
Microsoft Visual Studio Solution File, Format Version 12.00
# Visual Studio 15
VisualStudioVersion = 15.0.28307.1500
MinimumVisualStudioVersion = 10.0.40219.1
Project("{FAE04EC0-301F-11D3-BF4B-00C04F79EFBC}") = "ASCII Converter", "ASCII Converter\ASCII Converter.csproj", "{CAFA174F-6D37-4807-8EF3-9FFDCDC15AF7}"
EndProject
Global
	GlobalSection(SolutionConfigurationPlatforms) = preSolution
		Debug|Any CPU = Debug|Any CPU
		Release|Any CPU = Release|Any CPU
	EndGlobalSection
	GlobalSection(ProjectConfigurationPlatforms) = postSolution
		{CAFA174F-6D37-4807-8EF3-9FFDCDC15AF7}.Debug|Any CPU.ActiveCfg = Debug|Any CPU
		{CAFA174F-6D37-4807-8EF3-9FFDCDC15AF7}.Debug|Any CPU.Build.0 = Debug|Any CPU
		{CAFA174F-6D37-4807-8EF3-9FFDCDC15AF7}.Release|Any CPU.ActiveCfg = Release|Any CPU
		{CAFA174F-6D37-4807-8EF3-9FFDCDC15AF7}.Release|Any CPU.Build.0 = Release|Any CPU
	EndGlobalSection
	GlobalSection(SolutionProperties) = preSolution
		HideSolutionNode = FALSE
	EndGlobalSection
	GlobalSection(ExtensibilityGlobals) = postSolution
		SolutionGuid = {31C54EAF-7868-4EFA-8CB8-244B1D3AFB6C}
	EndGlobalSection
EndGlobal
